
Microsoft Visual Studio Solution File, Format Version 12.00
# Visual Studio Version 17
VisualStudioVersion = 17.12.35527.113 d17.12
MinimumVisualStudioVersion = 10.0.40219.1
Project("{FAE04EC0-301F-11D3-BF4B-00C04F79EFBC}") = "AngularApp1.Server", "AngularApp1.Server\AngularApp1.Server.csproj", "{D3218498-5A84-436B-9C21-6AF20A7EEC30}"
EndProject
Project("{54A90642-561A-4BB1-A94E-469ADEE60C69}") = "angularapp1.client", "angularapp1.client\angularapp1.client.esproj", "{B992A7D8-3FC3-4B71-8CF9-496A73A668B1}"
EndProject
Global
	GlobalSection(SolutionConfigurationPlatforms) = preSolution
		Debug|Any CPU = Debug|Any CPU
		Release|Any CPU = Release|Any CPU
	EndGlobalSection
	GlobalSection(ProjectConfigurationPlatforms) = postSolution
		{D3218498-5A84-436B-9C21-6AF20A7EEC30}.Debug|Any CPU.ActiveCfg = Debug|Any CPU
		{D3218498-5A84-436B-9C21-6AF20A7EEC30}.Debug|Any CPU.Build.0 = Debug|Any CPU
		{D3218498-5A84-436B-9C21-6AF20A7EEC30}.Release|Any CPU.ActiveCfg = Release|Any CPU
		{D3218498-5A84-436B-9C21-6AF20A7EEC30}.Release|Any CPU.Build.0 = Release|Any CPU
		{B992A7D8-3FC3-4B71-8CF9-496A73A668B1}.Debug|Any CPU.ActiveCfg = Debug|Any CPU
		{B992A7D8-3FC3-4B71-8CF9-496A73A668B1}.Debug|Any CPU.Build.0 = Debug|Any CPU
		{B992A7D8-3FC3-4B71-8CF9-496A73A668B1}.Debug|Any CPU.Deploy.0 = Debug|Any CPU
		{B992A7D8-3FC3-4B71-8CF9-496A73A668B1}.Release|Any CPU.ActiveCfg = Release|Any CPU
		{B992A7D8-3FC3-4B71-8CF9-496A73A668B1}.Release|Any CPU.Build.0 = Release|Any CPU
		{B992A7D8-3FC3-4B71-8CF9-496A73A668B1}.Release|Any CPU.Deploy.0 = Release|Any CPU
	EndGlobalSection
	GlobalSection(SolutionProperties) = preSolution
		HideSolutionNode = FALSE
	EndGlobalSection
EndGlobal
